PODS:
  - Alamofire (4.7.3)
  - EZLoadingActivity (1.01)
  - Nimble (7.3.0)
  - SDWebImage (4.4.2):
    - SDWebImage/Core (= 4.4.2)
  - SDWebImage/Core (4.4.2)
  - SWXMLHash (4.7.1)

DEPENDENCIES:
  - Alamofire (~> 4.7)
  - EZLoadingActivity (~> 1.0)
  - Nimble (~> 7.3)
  - SDWebImage (~> 4.0)
  - SWXMLHash (~> 4.7)

SPEC REPOS:
  https://github.com/cocoapods/specs.git:
    - Alamofire
    - EZLoadingActivity
    - Nimble
    - SDWebImage
    - SWXMLHash

SPEC CHECKSUMS:
  Alamofire: c7287b6e5d7da964a70935e5db17046b7fde6568
  EZLoadingActivity: edd7e387e5197b116ce2cccb3fd747ababc2a510
  Nimble: c8d6a1f463701921c46de965c673e13cafa09196
  SDWebImage: 624d6e296c69b244bcede364c72ae0430ac14681
  SWXMLHash: 661b67bc94a01fe71a6ad4ca690cf2cafa5d1d6f

PODFILE CHECKSUM: a31976d6b86a77ab305e9344e99e0b753c940131

COCOAPODS: 1.5.3
