// !$*UTF8*$!
{
	archiveVersion = 1;
	classes = {
	};
	objectVersion = 50;
	objects = {

/* Begin PBXBuildFile section */
		0E8AE66408BB7077C0D990CD /* Pods_NewsViperUITests.framework in Frameworks */ = {isa = PBXBuildFile; fileRef = 37F1FFABDF3D23E99D071112 /* Pods_NewsViperUITests.framework */; };
		423DBDED2143BB2700959547 /* AppDelegate.swift in Sources */ = {isa = PBXBuildFile; fileRef = 423DBDEC2143BB2700959547 /* AppDelegate.swift */; };
		423DBDEF2143BB2700959547 /* NewsListViewController.swift in Sources */ = {isa = PBXBuildFile; fileRef = 423DBDEE2143BB2700959547 /* NewsListViewController.swift */; };
		423DBDF22143BB2700959547 /* Main.storyboard in Resources */ = {isa = PBXBuildFile; fileRef = 423DBDF02143BB2700959547 /* Main.storyboard */; };
		423DBDF42143BB2800959547 /* Assets.xcassets in Resources */ = {isa = PBXBuildFile; fileRef = 423DBDF32143BB2800959547 /* Assets.xcassets */; };
		423DBDF72143BB2800959547 /* LaunchScreen.storyboard in Resources */ = {isa = PBXBuildFile; fileRef = 423DBDF52143BB2800959547 /* LaunchScreen.storyboard */; };
		423DBE022143BB2900959547 /* NewsViperTests.swift in Sources */ = {isa = PBXBuildFile; fileRef = 423DBE012143BB2900959547 /* NewsViperTests.swift */; };
		423DBE0D2143BB2900959547 /* NewsViperUITests.swift in Sources */ = {isa = PBXBuildFile; fileRef = 423DBE0C2143BB2900959547 /* NewsViperUITests.swift */; };
		423DBE222143BE8C00959547 /* NewsListWireframe.swift in Sources */ = {isa = PBXBuildFile; fileRef = 423DBE212143BE8C00959547 /* NewsListWireframe.swift */; };
		423DBE262143C34300959547 /* NewsListPresenter.swift in Sources */ = {isa = PBXBuildFile; fileRef = 423DBE252143C34300959547 /* NewsListPresenter.swift */; };
		423DBE2E2143C5E700959547 /* NewsListInteractor.swift in Sources */ = {isa = PBXBuildFile; fileRef = 423DBE2D2143C5E700959547 /* NewsListInteractor.swift */; };
		423DBE322143C71A00959547 /* NewsModel.swift in Sources */ = {isa = PBXBuildFile; fileRef = 423DBE312143C71A00959547 /* NewsModel.swift */; };
		423DBE362143D51200959547 /* Constants.swift in Sources */ = {isa = PBXBuildFile; fileRef = 423DBE352143D51200959547 /* Constants.swift */; };
		423DBE3A21440BF900959547 /* NewsListCell.swift in Sources */ = {isa = PBXBuildFile; fileRef = 423DBE3921440BF900959547 /* NewsListCell.swift */; };
		428611B4214439F2001A6B05 /* Endpoint.swift in Sources */ = {isa = PBXBuildFile; fileRef = 428611B3214439F2001A6B05 /* Endpoint.swift */; };
		428611B721443D90001A6B05 /* NewsListProtocols.swift in Sources */ = {isa = PBXBuildFile; fileRef = 428611B621443D90001A6B05 /* NewsListProtocols.swift */; };
		428611BB2144456A001A6B05 /* NewsListRemoteDataManager.swift in Sources */ = {isa = PBXBuildFile; fileRef = 428611BA2144456A001A6B05 /* NewsListRemoteDataManager.swift */; };
		428611C3214449DA001A6B05 /* NewsDetailViewController.swift in Sources */ = {isa = PBXBuildFile; fileRef = 428611C2214449DA001A6B05 /* NewsDetailViewController.swift */; };
		428611C521444D32001A6B05 /* NewsDetailWireframe.swift in Sources */ = {isa = PBXBuildFile; fileRef = 428611C421444D32001A6B05 /* NewsDetailWireframe.swift */; };
		428611C721444D5F001A6B05 /* NewsDetailProtocols.swift in Sources */ = {isa = PBXBuildFile; fileRef = 428611C621444D5F001A6B05 /* NewsDetailProtocols.swift */; };
		428611C9214450E6001A6B05 /* NewsDetailPresenter.swift in Sources */ = {isa = PBXBuildFile; fileRef = 428611C8214450E6001A6B05 /* NewsDetailPresenter.swift */; };
		428611CF2145408B001A6B05 /* NewsListRemoteDataManagerStub.swift in Sources */ = {isa = PBXBuildFile; fileRef = 428611CE2145408B001A6B05 /* NewsListRemoteDataManagerStub.swift */; };
		428611D22145461C001A6B05 /* News.xml in Resources */ = {isa = PBXBuildFile; fileRef = 428611D12145461C001A6B05 /* News.xml */; };
		428611D421454DA0001A6B05 /* OneNews.xml in Resources */ = {isa = PBXBuildFile; fileRef = 428611D321454DA0001A6B05 /* OneNews.xml */; };
		428611D921454E00001A6B05 /* NewsModelTests.swift in Sources */ = {isa = PBXBuildFile; fileRef = 428611D821454E00001A6B05 /* NewsModelTests.swift */; };
		7C28EBD72116954C95A79D34 /* Pods_NewsViperTests.framework in Frameworks */ = {isa = PBXBuildFile; fileRef = F7FE0024B328ED2B6D8AEFA8 /* Pods_NewsViperTests.framework */; };
		B0F2857A4D87715285838A57 /* Pods_NewsViper.framework in Frameworks */ = {isa = PBXBuildFile; fileRef = 3539D8EDF96F6C6D73AAC77E /* Pods_NewsViper.framework */; };
/* End PBXBuildFile section */

/* Begin PBXContainerItemProxy section */
		423DBDFE2143BB2900959547 /* PBXContainerItemProxy */ = {
			isa = PBXContainerItemProxy;
			containerPortal = 423DBDE12143BB2700959547 /* Project object */;
			proxyType = 1;
			remoteGlobalIDString = 423DBDE82143BB2700959547;
			remoteInfo = NewsViper;
		};
		423DBE092143BB2900959547 /* PBXContainerItemProxy */ = {
			isa = PBXContainerItemProxy;
			containerPortal = 423DBDE12143BB2700959547 /* Project object */;
			proxyType = 1;
			remoteGlobalIDString = 423DBDE82143BB2700959547;
			remoteInfo = NewsViper;
		};
/* End PBXContainerItemProxy section */

/* Begin PBXFileReference section */
		055A898EE5C533961C85A1E9 /* Pods-NewsViper.release.xcconfig */ = {isa = PBXFileReference; includeInIndex = 1; lastKnownFileType = text.xcconfig; name = "Pods-NewsViper.release.xcconfig"; path = "Pods/Target Support Files/Pods-NewsViper/Pods-NewsViper.release.xcconfig"; sourceTree = "<group>"; };
		13270C2EA546E6B49F889450 /* Pods-NewsViperTests.debug.xcconfig */ = {isa = PBXFileReference; includeInIndex = 1; lastKnownFileType = text.xcconfig; name = "Pods-NewsViperTests.debug.xcconfig"; path = "Pods/Target Support Files/Pods-NewsViperTests/Pods-NewsViperTests.debug.xcconfig"; sourceTree = "<group>"; };
		3539D8EDF96F6C6D73AAC77E /* Pods_NewsViper.framework */ = {isa = PBXFileReference; explicitFileType = wrapper.framework; includeInIndex = 0; path = Pods_NewsViper.framework; sourceTree = BUILT_PRODUCTS_DIR; };
		37F1FFABDF3D23E99D071112 /* Pods_NewsViperUITests.framework */ = {isa = PBXFileReference; explicitFileType = wrapper.framework; includeInIndex = 0; path = Pods_NewsViperUITests.framework; sourceTree = BUILT_PRODUCTS_DIR; };
		423DBDE92143BB2700959547 /* NewsViper.app */ = {isa = PBXFileReference; explicitFileType = wrapper.application; includeInIndex = 0; path = NewsViper.app; sourceTree = BUILT_PRODUCTS_DIR; };
		423DBDEC2143BB2700959547 /* AppDelegate.swift */ = {isa = PBXFileReference; lastKnownFileType = sourcecode.swift; path = AppDelegate.swift; sourceTree = "<group>"; };
		423DBDEE2143BB2700959547 /* NewsListViewController.swift */ = {isa = PBXFileReference; lastKnownFileType = sourcecode.swift; path = NewsListViewController.swift; sourceTree = "<group>"; };
		423DBDF12143BB2700959547 /* Base */ = {isa = PBXFileReference; lastKnownFileType = file.storyboard; name = Base; path = Base.lproj/Main.storyboard; sourceTree = "<group>"; };
		423DBDF32143BB2800959547 /* Assets.xcassets */ = {isa = PBXFileReference; lastKnownFileType = folder.assetcatalog; path = Assets.xcassets; sourceTree = "<group>"; };
		423DBDF62143BB2800959547 /* Base */ = {isa = PBXFileReference; lastKnownFileType = file.storyboard; name = Base; path = Base.lproj/LaunchScreen.storyboard; sourceTree = "<group>"; };
		423DBDF82143BB2800959547 /* Info.plist */ = {isa = PBXFileReference; lastKnownFileType = text.plist.xml; path = Info.plist; sourceTree = "<group>"; };
		423DBDFD2143BB2900959547 /* NewsViperTests.xctest */ = {isa = PBXFileReference; explicitFileType = wrapper.cfbundle; includeInIndex = 0; path = NewsViperTests.xctest; sourceTree = BUILT_PRODUCTS_DIR; };
		423DBE012143BB2900959547 /* NewsViperTests.swift */ = {isa = PBXFileReference; lastKnownFileType = sourcecode.swift; path = NewsViperTests.swift; sourceTree = "<group>"; };
		423DBE032143BB2900959547 /* Info.plist */ = {isa = PBXFileReference; lastKnownFileType = text.plist.xml; path = Info.plist; sourceTree = "<group>"; };
		423DBE082143BB2900959547 /* NewsViperUITests.xctest */ = {isa = PBXFileReference; explicitFileType = wrapper.cfbundle; includeInIndex = 0; path = NewsViperUITests.xctest; sourceTree = BUILT_PRODUCTS_DIR; };
		423DBE0C2143BB2900959547 /* NewsViperUITests.swift */ = {isa = PBXFileReference; lastKnownFileType = sourcecode.swift; path = NewsViperUITests.swift; sourceTree = "<group>"; };
		423DBE0E2143BB2900959547 /* Info.plist */ = {isa = PBXFileReference; lastKnownFileType = text.plist.xml; path = Info.plist; sourceTree = "<group>"; };
		423DBE212143BE8C00959547 /* NewsListWireframe.swift */ = {isa = PBXFileReference; lastKnownFileType = sourcecode.swift; path = NewsListWireframe.swift; sourceTree = "<group>"; };
		423DBE252143C34300959547 /* NewsListPresenter.swift */ = {isa = PBXFileReference; lastKnownFileType = sourcecode.swift; path = NewsListPresenter.swift; sourceTree = "<group>"; };
		423DBE2D2143C5E700959547 /* NewsListInteractor.swift */ = {isa = PBXFileReference; lastKnownFileType = sourcecode.swift; path = NewsListInteractor.swift; sourceTree = "<group>"; };
		423DBE312143C71A00959547 /* NewsModel.swift */ = {isa = PBXFileReference; lastKnownFileType = sourcecode.swift; path = NewsModel.swift; sourceTree = "<group>"; };
		423DBE352143D51200959547 /* Constants.swift */ = {isa = PBXFileReference; lastKnownFileType = sourcecode.swift; path = Constants.swift; sourceTree = "<group>"; };
		423DBE3921440BF900959547 /* NewsListCell.swift */ = {isa = PBXFileReference; lastKnownFileType = sourcecode.swift; path = NewsListCell.swift; sourceTree = "<group>"; };
		428611B3214439F2001A6B05 /* Endpoint.swift */ = {isa = PBXFileReference; lastKnownFileType = sourcecode.swift; path = Endpoint.swift; sourceTree = "<group>"; };
		428611B621443D90001A6B05 /* NewsListProtocols.swift */ = {isa = PBXFileReference; lastKnownFileType = sourcecode.swift; path = NewsListProtocols.swift; sourceTree = "<group>"; };
		428611BA2144456A001A6B05 /* NewsListRemoteDataManager.swift */ = {isa = PBXFileReference; lastKnownFileType = sourcecode.swift; path = NewsListRemoteDataManager.swift; sourceTree = "<group>"; };
		428611C2214449DA001A6B05 /* NewsDetailViewController.swift */ = {isa = PBXFileReference; lastKnownFileType = sourcecode.swift; path = NewsDetailViewController.swift; sourceTree = "<group>"; };
		428611C421444D32001A6B05 /* NewsDetailWireframe.swift */ = {isa = PBXFileReference; lastKnownFileType = sourcecode.swift; path = NewsDetailWireframe.swift; sourceTree = "<group>"; };
		428611C621444D5F001A6B05 /* NewsDetailProtocols.swift */ = {isa = PBXFileReference; lastKnownFileType = sourcecode.swift; path = NewsDetailProtocols.swift; sourceTree = "<group>"; };
		428611C8214450E6001A6B05 /* NewsDetailPresenter.swift */ = {isa = PBXFileReference; lastKnownFileType = sourcecode.swift; path = NewsDetailPresenter.swift; sourceTree = "<group>"; };
		428611CE2145408B001A6B05 /* NewsListRemoteDataManagerStub.swift */ = {isa = PBXFileReference; lastKnownFileType = sourcecode.swift; path = NewsListRemoteDataManagerStub.swift; sourceTree = "<group>"; };
		428611D12145461C001A6B05 /* News.xml */ = {isa = PBXFileReference; fileEncoding = 4; lastKnownFileType = text.xml; path = News.xml; sourceTree = "<group>"; };
		428611D321454DA0001A6B05 /* OneNews.xml */ = {isa = PBXFileReference; fileEncoding = 4; lastKnownFileType = text.xml; path = OneNews.xml; sourceTree = "<group>"; };
		428611D821454E00001A6B05 /* NewsModelTests.swift */ = {isa = PBXFileReference; lastKnownFileType = sourcecode.swift; path = NewsModelTests.swift; sourceTree = "<group>"; };
		4CE4DEBEE548DDBF7BE08CC6 /* Pods-NewsViperTests.release.xcconfig */ = {isa = PBXFileReference; includeInIndex = 1; lastKnownFileType = text.xcconfig; name = "Pods-NewsViperTests.release.xcconfig"; path = "Pods/Target Support Files/Pods-NewsViperTests/Pods-NewsViperTests.release.xcconfig"; sourceTree = "<group>"; };
		DA2A23B3E7FC6FD9B7F8E6E2 /* Pods-NewsViper.debug.xcconfig */ = {isa = PBXFileReference; includeInIndex = 1; lastKnownFileType = text.xcconfig; name = "Pods-NewsViper.debug.xcconfig"; path = "Pods/Target Support Files/Pods-NewsViper/Pods-NewsViper.debug.xcconfig"; sourceTree = "<group>"; };
		E1F15B0A0C654C3B71122EF3 /* Pods-NewsViperUITests.debug.xcconfig */ = {isa = PBXFileReference; includeInIndex = 1; lastKnownFileType = text.xcconfig; name = "Pods-NewsViperUITests.debug.xcconfig"; path = "Pods/Target Support Files/Pods-NewsViperUITests/Pods-NewsViperUITests.debug.xcconfig"; sourceTree = "<group>"; };
		EB92C44785E7A895DDC1CB5E /* Pods-NewsViperUITests.release.xcconfig */ = {isa = PBXFileReference; includeInIndex = 1; lastKnownFileType = text.xcconfig; name = "Pods-NewsViperUITests.release.xcconfig"; path = "Pods/Target Support Files/Pods-NewsViperUITests/Pods-NewsViperUITests.release.xcconfig"; sourceTree = "<group>"; };
		F7FE0024B328ED2B6D8AEFA8 /* Pods_NewsViperTests.framework */ = {isa = PBXFileReference; explicitFileType = wrapper.framework; includeInIndex = 0; path = Pods_NewsViperTests.framework; sourceTree = BUILT_PRODUCTS_DIR; };
/* End PBXFileReference section */

/* Begin PBXFrameworksBuildPhase section */
		423DBDE62143BB2700959547 /* Frameworks */ = {
			isa = PBXFrameworksBuildPhase;
			buildActionMask = 2147483647;
			files = (
				B0F2857A4D87715285838A57 /* Pods_NewsViper.framework in Frameworks */,
			);
			runOnlyForDeploymentPostprocessing = 0;
		};
		423DBDFA2143BB2900959547 /* Frameworks */ = {
			isa = PBXFrameworksBuildPhase;
			buildActionMask = 2147483647;
			files = (
				7C28EBD72116954C95A79D34 /* Pods_NewsViperTests.framework in Frameworks */,
			);
			runOnlyForDeploymentPostprocessing = 0;
		};
		423DBE052143BB2900959547 /* Frameworks */ = {
			isa = PBXFrameworksBuildPhase;
			buildActionMask = 2147483647;
			files = (
				0E8AE66408BB7077C0D990CD /* Pods_NewsViperUITests.framework in Frameworks */,
			);
			runOnlyForDeploymentPostprocessing = 0;
		};
/* End PBXFrameworksBuildPhase section */

/* Begin PBXGroup section */
		423DBDE02143BB2700959547 = {
			isa = PBXGroup;
			children = (
				423DBDEB2143BB2700959547 /* NewsViper */,
				423DBE002143BB2900959547 /* NewsViperTests */,
				423DBE0B2143BB2900959547 /* NewsViperUITests */,
				423DBDEA2143BB2700959547 /* Products */,
				F84E095B7C3F74F93AEFFDAD /* Pods */,
				F27021A5E5235080FE965833 /* Frameworks */,
			);
			sourceTree = "<group>";
		};
		423DBDEA2143BB2700959547 /* Products */ = {
			isa = PBXGroup;
			children = (
				423DBDE92143BB2700959547 /* NewsViper.app */,
				423DBDFD2143BB2900959547 /* NewsViperTests.xctest */,
				423DBE082143BB2900959547 /* NewsViperUITests.xctest */,
			);
			name = Products;
			sourceTree = "<group>";
		};
		423DBDEB2143BB2700959547 /* NewsViper */ = {
			isa = PBXGroup;
			children = (
				428611B2214439A8001A6B05 /* Common */,
				428611B521443B31001A6B05 /* Entities(not implement persistent entity - i.e. ManagedObject) */,
				423DBE1A2143BC8C00959547 /* NewsList */,
				428611BD21444916001A6B05 /* NewsDetail */,
				423DBDEC2143BB2700959547 /* AppDelegate.swift */,
				423DBDF02143BB2700959547 /* Main.storyboard */,
				423DBDF32143BB2800959547 /* Assets.xcassets */,
				423DBDF52143BB2800959547 /* LaunchScreen.storyboard */,
				423DBDF82143BB2800959547 /* Info.plist */,
			);
			path = NewsViper;
			sourceTree = "<group>";
		};
		423DBE002143BB2900959547 /* NewsViperTests */ = {
			isa = PBXGroup;
			children = (
				428611CA21453397001A6B05 /* NewsList */,
				428611D521454DAF001A6B05 /* EntitiesTests */,
				423DBE012143BB2900959547 /* NewsViperTests.swift */,
				428611D0214545A5001A6B05 /* Resources */,
				423DBE032143BB2900959547 /* Info.plist */,
			);
			path = NewsViperTests;
			sourceTree = "<group>";
		};
		423DBE0B2143BB2900959547 /* NewsViperUITests */ = {
			isa = PBXGroup;
			children = (
				423DBE0C2143BB2900959547 /* NewsViperUITests.swift */,
				423DBE0E2143BB2900959547 /* Info.plist */,
			);
			path = NewsViperUITests;
			sourceTree = "<group>";
		};
		423DBE1A2143BC8C00959547 /* NewsList */ = {
			isa = PBXGroup;
			children = (
				428611B821444541001A6B05 /* DataManager */,
				423DBE1B2143BC9200959547 /* Protocols */,
				423DBE202143BCAF00959547 /* View */,
				423DBE1F2143BCAA00959547 /* Interactor */,
				423DBE1E2143BCA400959547 /* Presenter */,
				423DBE1C2143BC9800959547 /* Route */,
			);
			path = NewsList;
			sourceTree = "<group>";
		};
		423DBE1B2143BC9200959547 /* Protocols */ = {
			isa = PBXGroup;
			children = (
				428611B621443D90001A6B05 /* NewsListProtocols.swift */,
			);
			path = Protocols;
			sourceTree = "<group>";
		};
		423DBE1C2143BC9800959547 /* Route */ = {
			isa = PBXGroup;
			children = (
				423DBE212143BE8C00959547 /* NewsListWireframe.swift */,
			);
			path = Route;
			sourceTree = "<group>";
		};
		423DBE1E2143BCA400959547 /* Presenter */ = {
			isa = PBXGroup;
			children = (
				423DBE252143C34300959547 /* NewsListPresenter.swift */,
			);
			path = Presenter;
			sourceTree = "<group>";
		};
		423DBE1F2143BCAA00959547 /* Interactor */ = {
			isa = PBXGroup;
			children = (
				423DBE2D2143C5E700959547 /* NewsListInteractor.swift */,
			);
			path = Interactor;
			sourceTree = "<group>";
		};
		423DBE202143BCAF00959547 /* View */ = {
			isa = PBXGroup;
			children = (
				423DBDEE2143BB2700959547 /* NewsListViewController.swift */,
				423DBE3921440BF900959547 /* NewsListCell.swift */,
			);
			path = View;
			sourceTree = "<group>";
		};
		428611B2214439A8001A6B05 /* Common */ = {
			isa = PBXGroup;
			children = (
				423DBE352143D51200959547 /* Constants.swift */,
				428611B3214439F2001A6B05 /* Endpoint.swift */,
			);
			path = Common;
			sourceTree = "<group>";
		};
		428611B521443B31001A6B05 /* Entities(not implement persistent entity - i.e. ManagedObject) */ = {
			isa = PBXGroup;
			children = (
				423DBE312143C71A00959547 /* NewsModel.swift */,
			);
			path = "Entities(not implement persistent entity - i.e. ManagedObject)";
			sourceTree = "<group>";
		};
		428611B821444541001A6B05 /* DataManager */ = {
			isa = PBXGroup;
			children = (
				428611BC2144456D001A6B05 /* Local(not implemented local model - i.e. CoreData) */,
				428611B92144454F001A6B05 /* Remote */,
			);
			path = DataManager;
			sourceTree = "<group>";
		};
		428611B92144454F001A6B05 /* Remote */ = {
			isa = PBXGroup;
			children = (
				428611BA2144456A001A6B05 /* NewsListRemoteDataManager.swift */,
			);
			path = Remote;
			sourceTree = "<group>";
		};
		428611BC2144456D001A6B05 /* Local(not implemented local model - i.e. CoreData) */ = {
			isa = PBXGroup;
			children = (
			);
			path = "Local(not implemented local model - i.e. CoreData)";
			sourceTree = "<group>";
		};
		428611BD21444916001A6B05 /* NewsDetail */ = {
			isa = PBXGroup;
			children = (
				428611C02144493E001A6B05 /* Protocols */,
				428611BE2144492A001A6B05 /* View */,
				428611BF21444930001A6B05 /* Presenter */,
				428611C121444948001A6B05 /* Wireframe */,
			);
			path = NewsDetail;
			sourceTree = "<group>";
		};
		428611BE2144492A001A6B05 /* View */ = {
			isa = PBXGroup;
			children = (
				428611C2214449DA001A6B05 /* NewsDetailViewController.swift */,
			);
			path = View;
			sourceTree = "<group>";
		};
		428611BF21444930001A6B05 /* Presenter */ = {
			isa = PBXGroup;
			children = (
				428611C8214450E6001A6B05 /* NewsDetailPresenter.swift */,
			);
			path = Presenter;
			sourceTree = "<group>";
		};
		428611C02144493E001A6B05 /* Protocols */ = {
			isa = PBXGroup;
			children = (
				428611C621444D5F001A6B05 /* NewsDetailProtocols.swift */,
			);
			path = Protocols;
			sourceTree = "<group>";
		};
		428611C121444948001A6B05 /* Wireframe */ = {
			isa = PBXGroup;
			children = (
				428611C421444D32001A6B05 /* NewsDetailWireframe.swift */,
			);
			path = Wireframe;
			sourceTree = "<group>";
		};
		428611CA21453397001A6B05 /* NewsList */ = {
			isa = PBXGroup;
			children = (
				428611CB21454019001A6B05 /* DataManager */,
			);
			path = NewsList;
			sourceTree = "<group>";
		};
		428611CB21454019001A6B05 /* DataManager */ = {
			isa = PBXGroup;
			children = (
				428611CC21454027001A6B05 /* Remote */,
			);
			path = DataManager;
			sourceTree = "<group>";
		};
		428611CC21454027001A6B05 /* Remote */ = {
			isa = PBXGroup;
			children = (
				428611CE2145408B001A6B05 /* NewsListRemoteDataManagerStub.swift */,
			);
			path = Remote;
			sourceTree = "<group>";
		};
		428611D0214545A5001A6B05 /* Resources */ = {
			isa = PBXGroup;
			children = (
				428611D321454DA0001A6B05 /* OneNews.xml */,
				428611D12145461C001A6B05 /* News.xml */,
			);
			path = Resources;
			sourceTree = "<group>";
		};
		428611D521454DAF001A6B05 /* EntitiesTests */ = {
			isa = PBXGroup;
			children = (
				428611D821454E00001A6B05 /* NewsModelTests.swift */,
			);
			path = EntitiesTests;
			sourceTree = "<group>";
		};
		F27021A5E5235080FE965833 /* Frameworks */ = {
			isa = PBXGroup;
			children = (
				3539D8EDF96F6C6D73AAC77E /* Pods_NewsViper.framework */,
				F7FE0024B328ED2B6D8AEFA8 /* Pods_NewsViperTests.framework */,
				37F1FFABDF3D23E99D071112 /* Pods_NewsViperUITests.framework */,
			);
			name = Frameworks;
			sourceTree = "<group>";
		};
		F84E095B7C3F74F93AEFFDAD /* Pods */ = {
			isa = PBXGroup;
			children = (
				DA2A23B3E7FC6FD9B7F8E6E2 /* Pods-NewsViper.debug.xcconfig */,
				055A898EE5C533961C85A1E9 /* Pods-NewsViper.release.xcconfig */,
				13270C2EA546E6B49F889450 /* Pods-NewsViperTests.debug.xcconfig */,
				4CE4DEBEE548DDBF7BE08CC6 /* Pods-NewsViperTests.release.xcconfig */,
				E1F15B0A0C654C3B71122EF3 /* Pods-NewsViperUITests.debug.xcconfig */,
				EB92C44785E7A895DDC1CB5E /* Pods-NewsViperUITests.release.xcconfig */,
			);
			name = Pods;
			sourceTree = "<group>";
		};
/* End PBXGroup section */

/* Begin PBXNativeTarget section */
		423DBDE82143BB2700959547 /* NewsViper */ = {
			isa = PBXNativeTarget;
			buildConfigurationList = 423DBE112143BB2900959547 /* Build configuration list for PBXNativeTarget "NewsViper" */;
			buildPhases = (
				64318D16D4F5EE55516C7779 /* [CP] Check Pods Manifest.lock */,
				423DBDE52143BB2700959547 /* Sources */,
				423DBDE62143BB2700959547 /* Frameworks */,
				423DBDE72143BB2700959547 /* Resources */,
				04EE16EF3B166772F9557B84 /* [CP] Embed Pods Frameworks */,
			);
			buildRules = (
			);
			dependencies = (
			);
			name = NewsViper;
			productName = NewsViper;
			productReference = 423DBDE92143BB2700959547 /* NewsViper.app */;
			productType = "com.apple.product-type.application";
		};
		423DBDFC2143BB2900959547 /* NewsViperTests */ = {
			isa = PBXNativeTarget;
			buildConfigurationList = 423DBE142143BB2900959547 /* Build configuration list for PBXNativeTarget "NewsViperTests" */;
			buildPhases = (
				4C45A4B7CF8AA548C9CE81AD /* [CP] Check Pods Manifest.lock */,
				423DBDF92143BB2900959547 /* Sources */,
				423DBDFA2143BB2900959547 /* Frameworks */,
				423DBDFB2143BB2900959547 /* Resources */,
				1BF2162DF97D205A15AC48E3 /* [CP] Embed Pods Frameworks */,
			);
			buildRules = (
			);
			dependencies = (
				423DBDFF2143BB2900959547 /* PBXTargetDependency */,
			);
			name = NewsViperTests;
			productName = NewsViperTests;
			productReference = 423DBDFD2143BB2900959547 /* NewsViperTests.xctest */;
			productType = "com.apple.product-type.bundle.unit-test";
		};
		423DBE072143BB2900959547 /* NewsViperUITests */ = {
			isa = PBXNativeTarget;
			buildConfigurationList = 423DBE172143BB2900959547 /* Build configuration list for PBXNativeTarget "NewsViperUITests" */;
			buildPhases = (
				53CA61C2F5875ACB80CF0429 /* [CP] Check Pods Manifest.lock */,
				423DBE042143BB2900959547 /* Sources */,
				423DBE052143BB2900959547 /* Frameworks */,
				423DBE062143BB2900959547 /* Resources */,
				84EBC8E821689BCE4E44AA41 /* [CP] Embed Pods Frameworks */,
			);
			buildRules = (
			);
			dependencies = (
				423DBE0A2143BB2900959547 /* PBXTargetDependency */,
			);
			name = NewsViperUITests;
			productName = NewsViperUITests;
			productReference = 423DBE082143BB2900959547 /* NewsViperUITests.xctest */;
			productType = "com.apple.product-type.bundle.ui-testing";
		};
/* End PBXNativeTarget section */

/* Begin PBXProject section */
		423DBDE12143BB2700959547 /* Project object */ = {
			isa = PBXProject;
			attributes = {
				LastSwiftUpdateCheck = 0940;
				LastUpgradeCheck = 0940;
				ORGANIZATIONNAME = "Saul Moreno Abril";
				TargetAttributes = {
					423DBDE82143BB2700959547 = {
						CreatedOnToolsVersion = 9.4.1;
					};
					423DBDFC2143BB2900959547 = {
						CreatedOnToolsVersion = 9.4.1;
						TestTargetID = 423DBDE82143BB2700959547;
					};
					423DBE072143BB2900959547 = {
						CreatedOnToolsVersion = 9.4.1;
						TestTargetID = 423DBDE82143BB2700959547;
					};
				};
			};
			buildConfigurationList = 423DBDE42143BB2700959547 /* Build configuration list for PBXProject "NewsViper" */;
			compatibilityVersion = "Xcode 9.3";
			developmentRegion = en;
			hasScannedForEncodings = 0;
			knownRegions = (
				en,
				Base,
			);
			mainGroup = 423DBDE02143BB2700959547;
			productRefGroup = 423DBDEA2143BB2700959547 /* Products */;
			projectDirPath = "";
			projectRoot = "";
			targets = (
				423DBDE82143BB2700959547 /* NewsViper */,
				423DBDFC2143BB2900959547 /* NewsViperTests */,
				423DBE072143BB2900959547 /* NewsViperUITests */,
			);
		};
/* End PBXProject section */

/* Begin PBXResourcesBuildPhase section */
		423DBDE72143BB2700959547 /* Resources */ = {
			isa = PBXResourcesBuildPhase;
			buildActionMask = 2147483647;
			files = (
				423DBDF72143BB2800959547 /* LaunchScreen.storyboard in Resources */,
				423DBDF42143BB2800959547 /* Assets.xcassets in Resources */,
				423DBDF22143BB2700959547 /* Main.storyboard in Resources */,
			);
			runOnlyForDeploymentPostprocessing = 0;
		};
		423DBDFB2143BB2900959547 /* Resources */ = {
			isa = PBXResourcesBuildPhase;
			buildActionMask = 2147483647;
			files = (
				428611D22145461C001A6B05 /* News.xml in Resources */,
				428611D421454DA0001A6B05 /* OneNews.xml in Resources */,
			);
			runOnlyForDeploymentPostprocessing = 0;
		};
		423DBE062143BB2900959547 /* Resources */ = {
			isa = PBXResourcesBuildPhase;
			buildActionMask = 2147483647;
			files = (
			);
			runOnlyForDeploymentPostprocessing = 0;
		};
/* End PBXResourcesBuildPhase section */

/* Begin PBXShellScriptBuildPhase section */
		04EE16EF3B166772F9557B84 /* [CP] Embed Pods Frameworks */ = {
			isa = PBXShellScriptBuildPhase;
			buildActionMask = 2147483647;
			files = (
			);
			inputPaths = (
				"${SRCROOT}/Pods/Target Support Files/Pods-NewsViper/Pods-NewsViper-frameworks.sh",
				"${BUILT_PRODUCTS_DIR}/Alamofire/Alamofire.framework",
				"${BUILT_PRODUCTS_DIR}/EZLoadingActivity/EZLoadingActivity.framework",
				"${BUILT_PRODUCTS_DIR}/SDWebImage/SDWebImage.framework",
				"${BUILT_PRODUCTS_DIR}/SWXMLHash/SWXMLHash.framework",
			);
			name = "[CP] Embed Pods Frameworks";
			outputPaths = (
				"${TARGET_BUILD_DIR}/${FRAMEWORKS_FOLDER_PATH}/Alamofire.framework",
				"${TARGET_BUILD_DIR}/${FRAMEWORKS_FOLDER_PATH}/EZLoadingActivity.framework",
				"${TARGET_BUILD_DIR}/${FRAMEWORKS_FOLDER_PATH}/SDWebImage.framework",
				"${TARGET_BUILD_DIR}/${FRAMEWORKS_FOLDER_PATH}/SWXMLHash.framework",
			);
			runOnlyForDeploymentPostprocessing = 0;
			shellPath = /bin/sh;
			shellScript = "\"${SRCROOT}/Pods/Target Support Files/Pods-NewsViper/Pods-NewsViper-frameworks.sh\"\n";
			showEnvVarsInLog = 0;
		};
		1BF2162DF97D205A15AC48E3 /* [CP] Embed Pods Frameworks */ = {
			isa = PBXShellScriptBuildPhase;
			buildActionMask = 2147483647;
			files = (
			);
			inputPaths = (
				"${SRCROOT}/Pods/Target Support Files/Pods-NewsViperTests/Pods-NewsViperTests-frameworks.sh",
				"${BUILT_PRODUCTS_DIR}/Nimble/Nimble.framework",
				"${BUILT_PRODUCTS_DIR}/Quick/Quick.framework",
			);
			name = "[CP] Embed Pods Frameworks";
			outputPaths = (
				"${TARGET_BUILD_DIR}/${FRAMEWORKS_FOLDER_PATH}/Nimble.framework",
				"${TARGET_BUILD_DIR}/${FRAMEWORKS_FOLDER_PATH}/Quick.framework",
			);
			runOnlyForDeploymentPostprocessing = 0;
			shellPath = /bin/sh;
			shellScript = "\"${SRCROOT}/Pods/Target Support Files/Pods-NewsViperTests/Pods-NewsViperTests-frameworks.sh\"\n";
			showEnvVarsInLog = 0;
		};
		4C45A4B7CF8AA548C9CE81AD /* [CP] Check Pods Manifest.lock */ = {
			isa = PBXShellScriptBuildPhase;
			buildActionMask = 2147483647;
			files = (
			);
			inputPaths = (
				"${PODS_PODFILE_DIR_PATH}/Podfile.lock",
				"${PODS_ROOT}/Manifest.lock",
			);
			name = "[CP] Check Pods Manifest.lock";
			outputPaths = (
				"$(DERIVED_FILE_DIR)/Pods-NewsViperTests-checkManifestLockResult.txt",
			);
			runOnlyForDeploymentPostprocessing = 0;
			shellPath = /bin/sh;
			shellScript = "diff \"${PODS_PODFILE_DIR_PATH}/Podfile.lock\" \"${PODS_ROOT}/Manifest.lock\" > /dev/null\nif [ $? != 0 ] ; then\n    # print error to STDERR\n    echo \"error: The sandbox is not in sync with the Podfile.lock. Run 'pod install' or update your CocoaPods installation.\" >&2\n    exit 1\nfi\n# This output is used by Xcode 'outputs' to avoid re-running this script phase.\necho \"SUCCESS\" > \"${SCRIPT_OUTPUT_FILE_0}\"\n";
			showEnvVarsInLog = 0;
		};
		53CA61C2F5875ACB80CF0429 /* [CP] Check Pods Manifest.lock */ = {
			isa = PBXShellScriptBuildPhase;
			buildActionMask = 2147483647;
			files = (
			);
			inputPaths = (
				"${PODS_PODFILE_DIR_PATH}/Podfile.lock",
				"${PODS_ROOT}/Manifest.lock",
			);
			name = "[CP] Check Pods Manifest.lock";
			outputPaths = (
				"$(DERIVED_FILE_DIR)/Pods-NewsViperUITests-checkManifestLockResult.txt",
			);
			runOnlyForDeploymentPostprocessing = 0;
			shellPath = /bin/sh;
			shellScript = "diff \"${PODS_PODFILE_DIR_PATH}/Podfile.lock\" \"${PODS_ROOT}/Manifest.lock\" > /dev/null\nif [ $? != 0 ] ; then\n    # print error to STDERR\n    echo \"error: The sandbox is not in sync with the Podfile.lock. Run 'pod install' or update your CocoaPods installation.\" >&2\n    exit 1\nfi\n# This output is used by Xcode 'outputs' to avoid re-running this script phase.\necho \"SUCCESS\" > \"${SCRIPT_OUTPUT_FILE_0}\"\n";
			showEnvVarsInLog = 0;
		};
		64318D16D4F5EE55516C7779 /* [CP] Check Pods Manifest.lock */ = {
			isa = PBXShellScriptBuildPhase;
			buildActionMask = 2147483647;
			files = (
			);
			inputPaths = (
				"${PODS_PODFILE_DIR_PATH}/Podfile.lock",
				"${PODS_ROOT}/Manifest.lock",
			);
			name = "[CP] Check Pods Manifest.lock";
			outputPaths = (
				"$(DERIVED_FILE_DIR)/Pods-NewsViper-checkManifestLockResult.txt",
			);
			runOnlyForDeploymentPostprocessing = 0;
			shellPath = /bin/sh;
			shellScript = "diff \"${PODS_PODFILE_DIR_PATH}/Podfile.lock\" \"${PODS_ROOT}/Manifest.lock\" > /dev/null\nif [ $? != 0 ] ; then\n    # print error to STDERR\n    echo \"error: The sandbox is not in sync with the Podfile.lock. Run 'pod install' or update your CocoaPods installation.\" >&2\n    exit 1\nfi\n# This output is used by Xcode 'outputs' to avoid re-running this script phase.\necho \"SUCCESS\" > \"${SCRIPT_OUTPUT_FILE_0}\"\n";
			showEnvVarsInLog = 0;
		};
		84EBC8E821689BCE4E44AA41 /* [CP] Embed Pods Frameworks */ = {
			isa = PBXShellScriptBuildPhase;
			buildActionMask = 2147483647;
			files = (
			);
			inputPaths = (
				"${SRCROOT}/Pods/Target Support Files/Pods-NewsViperUITests/Pods-NewsViperUITests-frameworks.sh",
				"${BUILT_PRODUCTS_DIR}/Nimble/Nimble.framework",
				"${BUILT_PRODUCTS_DIR}/Quick/Quick.framework",
			);
			name = "[CP] Embed Pods Frameworks";
			outputPaths = (
				"${TARGET_BUILD_DIR}/${FRAMEWORKS_FOLDER_PATH}/Nimble.framework",
				"${TARGET_BUILD_DIR}/${FRAMEWORKS_FOLDER_PATH}/Quick.framework",
			);
			runOnlyForDeploymentPostprocessing = 0;
			shellPath = /bin/sh;
			shellScript = "\"${SRCROOT}/Pods/Target Support Files/Pods-NewsViperUITests/Pods-NewsViperUITests-frameworks.sh\"\n";
			showEnvVarsInLog = 0;
		};
/* End PBXShellScriptBuildPhase section */

/* Begin PBXSourcesBuildPhase section */
		423DBDE52143BB2700959547 /* Sources */ = {
			isa = PBXSourcesBuildPhase;
			buildActionMask = 2147483647;
			files = (
				428611C3214449DA001A6B05 /* NewsDetailViewController.swift in Sources */,
				428611B4214439F2001A6B05 /* Endpoint.swift in Sources */,
				428611B721443D90001A6B05 /* NewsListProtocols.swift in Sources */,
				428611BB2144456A001A6B05 /* NewsListRemoteDataManager.swift in Sources */,
				423DBDEF2143BB2700959547 /* NewsListViewController.swift in Sources */,
				423DBE262143C34300959547 /* NewsListPresenter.swift in Sources */,
				423DBE222143BE8C00959547 /* NewsListWireframe.swift in Sources */,
				423DBE322143C71A00959547 /* NewsModel.swift in Sources */,
				428611C521444D32001A6B05 /* NewsDetailWireframe.swift in Sources */,
				428611C721444D5F001A6B05 /* NewsDetailProtocols.swift in Sources */,
				423DBE2E2143C5E700959547 /* NewsListInteractor.swift in Sources */,
				423DBDED2143BB2700959547 /* AppDelegate.swift in Sources */,
				423DBE3A21440BF900959547 /* NewsListCell.swift in Sources */,
				423DBE362143D51200959547 /* Constants.swift in Sources */,
				428611C9214450E6001A6B05 /* NewsDetailPresenter.swift in Sources */,
			);
			runOnlyForDeploymentPostprocessing = 0;
		};
		423DBDF92143BB2900959547 /* Sources */ = {
			isa = PBXSourcesBuildPhase;
			buildActionMask = 2147483647;
			files = (
				428611CF2145408B001A6B05 /* NewsListRemoteDataManagerStub.swift in Sources */,
				428611D921454E00001A6B05 /* NewsModelTests.swift in Sources */,
				423DBE022143BB2900959547 /* NewsViperTests.swift in Sources */,
			);
			runOnlyForDeploymentPostprocessing = 0;
		};
		423DBE042143BB2900959547 /* Sources */ = {
			isa = PBXSourcesBuildPhase;
			buildActionMask = 2147483647;
			files = (
				423DBE0D2143BB2900959547 /* NewsViperUITests.swift in Sources */,
			);
			runOnlyForDeploymentPostprocessing = 0;
		};
/* End PBXSourcesBuildPhase section */

/* Begin PBXTargetDependency section */
		423DBDFF2143BB2900959547 /* PBXTargetDependency */ = {
			isa = PBXTargetDependency;
			target = 423DBDE82143BB2700959547 /* NewsViper */;
			targetProxy = 423DBDFE2143BB2900959547 /* PBXContainerItemProxy */;
		};
		423DBE0A2143BB2900959547 /* PBXTargetDependency */ = {
			isa = PBXTargetDependency;
			target = 423DBDE82143BB2700959547 /* NewsViper */;
			targetProxy = 423DBE092143BB2900959547 /* PBXContainerItemProxy */;
		};
/* End PBXTargetDependency section */

/* Begin PBXVariantGroup section */
		423DBDF02143BB2700959547 /* Main.storyboard */ = {
			isa = PBXVariantGroup;
			children = (
				423DBDF12143BB2700959547 /* Base */,
			);
			name = Main.storyboard;
			sourceTree = "<group>";
		};
		423DBDF52143BB2800959547 /* LaunchScreen.storyboard */ = {
			isa = PBXVariantGroup;
			children = (
				423DBDF62143BB2800959547 /* Base */,
			);
			name = LaunchScreen.storyboard;
			sourceTree = "<group>";
		};
/* End PBXVariantGroup section */

/* Begin XCBuildConfiguration section */
		423DBE0F2143BB2900959547 /* Debug */ = {
			isa = XCBuildConfiguration;
			buildSettings = {
				ALWAYS_SEARCH_USER_PATHS = NO;
				CLANG_ANALYZER_NONNULL = YES;
				CLANG_ANALYZER_NUMBER_OBJECT_CONVERSION = YES_AGGRESSIVE;
				CLANG_CXX_LANGUAGE_STANDARD = "gnu++14";
				CLANG_CXX_LIBRARY = "libc++";
				CLANG_ENABLE_MODULES = YES;
				CLANG_ENABLE_OBJC_ARC = YES;
				CLANG_ENABLE_OBJC_WEAK = YES;
				CLANG_WARN_BLOCK_CAPTURE_AUTORELEASING = YES;
				CLANG_WARN_BOOL_CONVERSION = YES;
				CLANG_WARN_COMMA = YES;
				CLANG_WARN_CONSTANT_CONVERSION = YES;
				CLANG_WARN_DEPRECATED_OBJC_IMPLEMENTATIONS = YES;
				CLANG_WARN_DIRECT_OBJC_ISA_USAGE = YES_ERROR;
				CLANG_WARN_DOCUMENTATION_COMMENTS = YES;
				CLANG_WARN_EMPTY_BODY = YES;
				CLANG_WARN_ENUM_CONVERSION = YES;
				CLANG_WARN_INFINITE_RECURSION = YES;
				CLANG_WARN_INT_CONVERSION = YES;
				CLANG_WARN_NON_LITERAL_NULL_CONVERSION = YES;
				CLANG_WARN_OBJC_IMPLICIT_RETAIN_SELF = YES;
				CLANG_WARN_OBJC_LITERAL_CONVERSION = YES;
				CLANG_WARN_OBJC_ROOT_CLASS = YES_ERROR;
				CLANG_WARN_RANGE_LOOP_ANALYSIS = YES;
				CLANG_WARN_STRICT_PROTOTYPES = YES;
				CLANG_WARN_SUSPICIOUS_MOVE = YES;
				CLANG_WARN_UNGUARDED_AVAILABILITY = YES_AGGRESSIVE;
				CLANG_WARN_UNREACHABLE_CODE = YES;
				CLANG_WARN__DUPLICATE_METHOD_MATCH = YES;
				CODE_SIGN_IDENTITY = "iPhone Developer";
				COPY_PHASE_STRIP = NO;
				DEBUG_INFORMATION_FORMAT = dwarf;
				ENABLE_STRICT_OBJC_MSGSEND = YES;
				ENABLE_TESTABILITY = YES;
				GCC_C_LANGUAGE_STANDARD = gnu11;
				GCC_DYNAMIC_NO_PIC = NO;
				GCC_NO_COMMON_BLOCKS = YES;
				GCC_OPTIMIZATION_LEVEL = 0;
				GCC_PREPROCESSOR_DEFINITIONS = (
					"DEBUG=1",
					"$(inherited)",
				);
				GCC_WARN_64_TO_32_BIT_CONVERSION = YES;
				GCC_WARN_ABOUT_RETURN_TYPE = YES_ERROR;
				GCC_WARN_UNDECLARED_SELECTOR = YES;
				GCC_WARN_UNINITIALIZED_AUTOS = YES_AGGRESSIVE;
				GCC_WARN_UNUSED_FUNCTION = YES;
				GCC_WARN_UNUSED_VARIABLE = YES;
				IPHONEOS_DEPLOYMENT_TARGET = 11.4;
				MTL_ENABLE_DEBUG_INFO = YES;
				ONLY_ACTIVE_ARCH = YES;
				SDKROOT = iphoneos;
				SWIFT_ACTIVE_COMPILATION_CONDITIONS = DEBUG;
				SWIFT_OPTIMIZATION_LEVEL = "-Onone";
			};
			name = Debug;
		};
		423DBE102143BB2900959547 /* Release */ = {
			isa = XCBuildConfiguration;
			buildSettings = {
				ALWAYS_SEARCH_USER_PATHS = NO;
				CLANG_ANALYZER_NONNULL = YES;
				CLANG_ANALYZER_NUMBER_OBJECT_CONVERSION = YES_AGGRESSIVE;
				CLANG_CXX_LANGUAGE_STANDARD = "gnu++14";
				CLANG_CXX_LIBRARY = "libc++";
				CLANG_ENABLE_MODULES = YES;
				CLANG_ENABLE_OBJC_ARC = YES;
				CLANG_ENABLE_OBJC_WEAK = YES;
				CLANG_WARN_BLOCK_CAPTURE_AUTORELEASING = YES;
				CLANG_WARN_BOOL_CONVERSION = YES;
				CLANG_WARN_COMMA = YES;
				CLANG_WARN_CONSTANT_CONVERSION = YES;
				CLANG_WARN_DEPRECATED_OBJC_IMPLEMENTATIONS = YES;
				CLANG_WARN_DIRECT_OBJC_ISA_USAGE = YES_ERROR;
				CLANG_WARN_DOCUMENTATION_COMMENTS = YES;
				CLANG_WARN_EMPTY_BODY = YES;
				CLANG_WARN_ENUM_CONVERSION = YES;
				CLANG_WARN_INFINITE_RECURSION = YES;
				CLANG_WARN_INT_CONVERSION = YES;
				CLANG_WARN_NON_LITERAL_NULL_CONVERSION = YES;
				CLANG_WARN_OBJC_IMPLICIT_RETAIN_SELF = YES;
				CLANG_WARN_OBJC_LITERAL_CONVERSION = YES;
				CLANG_WARN_OBJC_ROOT_CLASS = YES_ERROR;
				CLANG_WARN_RANGE_LOOP_ANALYSIS = YES;
				CLANG_WARN_STRICT_PROTOTYPES = YES;
				CLANG_WARN_SUSPICIOUS_MOVE = YES;
				CLANG_WARN_UNGUARDED_AVAILABILITY = YES_AGGRESSIVE;
				CLANG_WARN_UNREACHABLE_CODE = YES;
				CLANG_WARN__DUPLICATE_METHOD_MATCH = YES;
				CODE_SIGN_IDENTITY = "iPhone Developer";
				COPY_PHASE_STRIP = NO;
				DEBUG_INFORMATION_FORMAT = "dwarf-with-dsym";
				ENABLE_NS_ASSERTIONS = NO;
				ENABLE_STRICT_OBJC_MSGSEND = YES;
				GCC_C_LANGUAGE_STANDARD = gnu11;
				GCC_NO_COMMON_BLOCKS = YES;
				GCC_WARN_64_TO_32_BIT_CONVERSION = YES;
				GCC_WARN_ABOUT_RETURN_TYPE = YES_ERROR;
				GCC_WARN_UNDECLARED_SELECTOR = YES;
				GCC_WARN_UNINITIALIZED_AUTOS = YES_AGGRESSIVE;
				GCC_WARN_UNUSED_FUNCTION = YES;
				GCC_WARN_UNUSED_VARIABLE = YES;
				IPHONEOS_DEPLOYMENT_TARGET = 11.4;
				MTL_ENABLE_DEBUG_INFO = NO;
				SDKROOT = iphoneos;
				SWIFT_COMPILATION_MODE = wholemodule;
				SWIFT_OPTIMIZATION_LEVEL = "-O";
				VALIDATE_PRODUCT = YES;
			};
			name = Release;
		};
		423DBE122143BB2900959547 /* Debug */ = {
			isa = XCBuildConfiguration;
			baseConfigurationReference = DA2A23B3E7FC6FD9B7F8E6E2 /* Pods-NewsViper.debug.xcconfig */;
			buildSettings = {
				ALWAYS_EMBED_SWIFT_STANDARD_LIBRARIES = "$(inherited)";
				ASSETCATALOG_COMPILER_APPICON_NAME = AppIcon;
				CODE_SIGN_STYLE = Automatic;
				DEFINES_MODULE = YES;
				DEVELOPMENT_TEAM = U96GUE2A6L;
				INFOPLIST_FILE = NewsViper/Info.plist;
				IPHONEOS_DEPLOYMENT_TARGET = 11.0;
				LD_RUNPATH_SEARCH_PATHS = (
					"$(inherited)",
					"@executable_path/Frameworks",
				);
				PRODUCT_BUNDLE_IDENTIFIER = com.saulmorenoabril.NewsViper;
				PRODUCT_NAME = "$(TARGET_NAME)";
				SWIFT_VERSION = 4.0;
				TARGETED_DEVICE_FAMILY = "1,2";
			};
			name = Debug;
		};
		423DBE132143BB2900959547 /* Release */ = {
			isa = XCBuildConfiguration;
			baseConfigurationReference = 055A898EE5C533961C85A1E9 /* Pods-NewsViper.release.xcconfig */;
			buildSettings = {
				ALWAYS_EMBED_SWIFT_STANDARD_LIBRARIES = "$(inherited)";
				ASSETCATALOG_COMPILER_APPICON_NAME = AppIcon;
				CODE_SIGN_STYLE = Automatic;
				DEFINES_MODULE = YES;
				DEVELOPMENT_TEAM = U96GUE2A6L;
				INFOPLIST_FILE = NewsViper/Info.plist;
				IPHONEOS_DEPLOYMENT_TARGET = 11.0;
				LD_RUNPATH_SEARCH_PATHS = (
					"$(inherited)",
					"@executable_path/Frameworks",
				);
				PRODUCT_BUNDLE_IDENTIFIER = com.saulmorenoabril.NewsViper;
				PRODUCT_NAME = "$(TARGET_NAME)";
				SWIFT_VERSION = 4.0;
				TARGETED_DEVICE_FAMILY = "1,2";
			};
			name = Release;
		};
		423DBE152143BB2900959547 /* Debug */ = {
			isa = XCBuildConfiguration;
			baseConfigurationReference = 13270C2EA546E6B49F889450 /* Pods-NewsViperTests.debug.xcconfig */;
			buildSettings = {
				ALWAYS_EMBED_SWIFT_STANDARD_LIBRARIES = "$(inherited)";
				BUNDLE_LOADER = "$(TEST_HOST)";
				CODE_SIGN_STYLE = Automatic;
				DEVELOPMENT_TEAM = U96GUE2A6L;
				INFOPLIST_FILE = NewsViperTests/Info.plist;
				LD_RUNPATH_SEARCH_PATHS = (
					"$(inherited)",
					"@executable_path/Frameworks",
					"@loader_path/Frameworks",
				);
				PRODUCT_BUNDLE_IDENTIFIER = com.saulmorenoabril.NewsViperTests;
				PRODUCT_NAME = "$(TARGET_NAME)";
				SWIFT_VERSION = 4.0;
				TARGETED_DEVICE_FAMILY = "1,2";
				TEST_HOST = "$(BUILT_PRODUCTS_DIR)/NewsViper.app/NewsViper";
			};
			name = Debug;
		};
		423DBE162143BB2900959547 /* Release */ = {
			isa = XCBuildConfiguration;
			baseConfigurationReference = 4CE4DEBEE548DDBF7BE08CC6 /* Pods-NewsViperTests.release.xcconfig */;
			buildSettings = {
				ALWAYS_EMBED_SWIFT_STANDARD_LIBRARIES = "$(inherited)";
				BUNDLE_LOADER = "$(TEST_HOST)";
				CODE_SIGN_STYLE = Automatic;
				DEVELOPMENT_TEAM = U96GUE2A6L;
				INFOPLIST_FILE = NewsViperTests/Info.plist;
				LD_RUNPATH_SEARCH_PATHS = (
					"$(inherited)",
					"@executable_path/Frameworks",
					"@loader_path/Frameworks",
				);
				PRODUCT_BUNDLE_IDENTIFIER = com.saulmorenoabril.NewsViperTests;
				PRODUCT_NAME = "$(TARGET_NAME)";
				SWIFT_VERSION = 4.0;
				TARGETED_DEVICE_FAMILY = "1,2";
				TEST_HOST = "$(BUILT_PRODUCTS_DIR)/NewsViper.app/NewsViper";
			};
			name = Release;
		};
		423DBE182143BB2900959547 /* Debug */ = {
			isa = XCBuildConfiguration;
			baseConfigurationReference = E1F15B0A0C654C3B71122EF3 /* Pods-NewsViperUITests.debug.xcconfig */;
			buildSettings = {
				ALWAYS_EMBED_SWIFT_STANDARD_LIBRARIES = "$(inherited)";
				CODE_SIGN_STYLE = Automatic;
				DEVELOPMENT_TEAM = U96GUE2A6L;
				INFOPLIST_FILE = NewsViperUITests/Info.plist;
				LD_RUNPATH_SEARCH_PATHS = (
					"$(inherited)",
					"@executable_path/Frameworks",
					"@loader_path/Frameworks",
				);
				PRODUCT_BUNDLE_IDENTIFIER = com.saulmorenoabril.NewsViperUITests;
				PRODUCT_NAME = "$(TARGET_NAME)";
				SWIFT_VERSION = 4.0;
				TARGETED_DEVICE_FAMILY = "1,2";
				TEST_TARGET_NAME = NewsViper;
			};
			name = Debug;
		};
		423DBE192143BB2900959547 /* Release */ = {
			isa = XCBuildConfiguration;
			baseConfigurationReference = EB92C44785E7A895DDC1CB5E /* Pods-NewsViperUITests.release.xcconfig */;
			buildSettings = {
				ALWAYS_EMBED_SWIFT_STANDARD_LIBRARIES = "$(inherited)";
				CODE_SIGN_STYLE = Automatic;
				DEVELOPMENT_TEAM = U96GUE2A6L;
				INFOPLIST_FILE = NewsViperUITests/Info.plist;
				LD_RUNPATH_SEARCH_PATHS = (
					"$(inherited)",
					"@executable_path/Frameworks",
					"@loader_path/Frameworks",
				);
				PRODUCT_BUNDLE_IDENTIFIER = com.saulmorenoabril.NewsViperUITests;
				PRODUCT_NAME = "$(TARGET_NAME)";
				SWIFT_VERSION = 4.0;
				TARGETED_DEVICE_FAMILY = "1,2";
				TEST_TARGET_NAME = NewsViper;
			};
			name = Release;
		};
/* End XCBuildConfiguration section */

/* Begin XCConfigurationList section */
		423DBDE42143BB2700959547 /* Build configuration list for PBXProject "NewsViper" */ = {
			isa = XCConfigurationList;
			buildConfigurations = (
				423DBE0F2143BB2900959547 /* Debug */,
				423DBE102143BB2900959547 /* Release */,
			);
			defaultConfigurationIsVisible = 0;
			defaultConfigurationName = Release;
		};
		423DBE112143BB2900959547 /* Build configuration list for PBXNativeTarget "NewsViper" */ = {
			isa = XCConfigurationList;
			buildConfigurations = (
				423DBE122143BB2900959547 /* Debug */,
				423DBE132143BB2900959547 /* Release */,
			);
			defaultConfigurationIsVisible = 0;
			defaultConfigurationName = Release;
		};
		423DBE142143BB2900959547 /* Build configuration list for PBXNativeTarget "NewsViperTests" */ = {
			isa = XCConfigurationList;
			buildConfigurations = (
				423DBE152143BB2900959547 /* Debug */,
				423DBE162143BB2900959547 /* Release */,
			);
			defaultConfigurationIsVisible = 0;
			defaultConfigurationName = Release;
		};
		423DBE172143BB2900959547 /* Build configuration list for PBXNativeTarget "NewsViperUITests" */ = {
			isa = XCConfigurationList;
			buildConfigurations = (
				423DBE182143BB2900959547 /* Debug */,
				423DBE192143BB2900959547 /* Release */,
			);
			defaultConfigurationIsVisible = 0;
			defaultConfigurationName = Release;
		};
/* End XCConfigurationList section */
	};
	rootObject = 423DBDE12143BB2700959547 /* Project object */;
}
